
Microsoft Visual Studio Solution File, Format Version 12.00
# Visual Studio Version 17
VisualStudioVersion = 17.5.33502.453
MinimumVisualStudioVersion = 10.0.40219.1
Project("{2150E333-8FDC-42A3-9474-1A3956D46DE8}") = "01 - Testes de Unidade", "01 - Testes de Unidade", "{897E3B57-21D1-490D-AEDB-7C8703D6B099}"
EndProject
Project("{2150E333-8FDC-42A3-9474-1A3956D46DE8}") = "02 - TDD", "02 - TDD", "{DE0173EB-2946-4E8C-AA9A-2847136B71AA}"
EndProject
Project("{2150E333-8FDC-42A3-9474-1A3956D46DE8}") = "03 - Testes de Integração", "03 - Testes de Integração", "{B30BB20C-1E85-4044-B9D6-E5C77324E74B}"
EndProject
Project("{2150E333-8FDC-42A3-9474-1A3956D46DE8}") = "04 - BDD - Testes de Automação", "04 - BDD - Testes de Automação", "{559C3BD7-5F4B-45D0-884E-CF84EB73425A}"
EndProject
Project("{2150E333-8FDC-42A3-9474-1A3956D46DE8}") = "2.2 - Features", "2.2 - Features", "{1252F2EE-21D5-4313-9DE2-E9AEC5CFA966}"
EndProject
Project("{2150E333-8FDC-42A3-9474-1A3956D46DE8}") = "1.1 - Testes Basicos", "1.1 - Testes Basicos", "{5DF5ED2B-AE22-4265-AA23-69DF5048F203}"
EndProject
Project("{2150E333-8FDC-42A3-9474-1A3956D46DE8}") = "Tests", "Tests", "{5581039A-128F-4515-A3B7-09971DF5FF66}"
EndProject
Project("{2150E333-8FDC-42A3-9474-1A3956D46DE8}") = "Integration Tests", "Integration Tests", "{C7610E30-430B-4A4F-82C3-F1204AB0EB5E}"
EndProject
Project("{9A19103F-16F7-4668-BE54-9A1E7A4F7556}") = "Demo", "01 - Testes de Unidade\Demo\Demo.csproj", "{983D2B84-01A4-47C6-AECD-E2675E57911C}"
EndProject
Project("{9A19103F-16F7-4668-BE54-9A1E7A4F7556}") = "Demo.Tests", "01 - Testes de Unidade\Demo.Tests\Demo.Tests.csproj", "{9DD43502-65E3-4537-87A6-98061EDCCD4B}"
EndProject
Project("{9A19103F-16F7-4668-BE54-9A1E7A4F7556}") = "Features", "01 - Testes de Unidade\Features\Features.csproj", "{41A0211C-2CEF-45F1-8765-6AF5AD2AC0CE}"
EndProject
Project("{9A19103F-16F7-4668-BE54-9A1E7A4F7556}") = "Features.Tests", "01 - Testes de Unidade\Features.Tests\Features.Tests.csproj", "{D78B3344-39B3-460A-A27E-BAA7D581667F}"
EndProject
Project("{9A19103F-16F7-4668-BE54-9A1E7A4F7556}") = "NerdStore.Core", "02 - TDD\src\NerdStore.Core\NerdStore.Core.csproj", "{5687175D-53C7-435E-B0F4-9AF385AA7FE7}"
EndProject
Project("{9A19103F-16F7-4668-BE54-9A1E7A4F7556}") = "NerdStore.Vendas.Application", "02 - TDD\src\NerdStore.Vendas.Application\NerdStore.Vendas.Application.csproj", "{0A1F5C1E-8D04-433E-8ED7-4A3976785D2B}"
EndProject
Project("{9A19103F-16F7-4668-BE54-9A1E7A4F7556}") = "NerdStore.Vendas.Data", "02 - TDD\src\NerdStore.Vendas.Data\NerdStore.Vendas.Data.csproj", "{C3288CA9-69D8-411E-A8F3-77DB713896BA}"
EndProject
Project("{9A19103F-16F7-4668-BE54-9A1E7A4F7556}") = "NerdStore.Vendas.Domain", "02 - TDD\src\NerdStore.Vendas.Domain\NerdStore.Vendas.Domain.csproj", "{DF4E32ED-DCB8-4F5A-A7C6-ED07342EAE5A}"
EndProject
Project("{9A19103F-16F7-4668-BE54-9A1E7A4F7556}") = "NerdStore.Vendas.Application.Tests", "02 - TDD\tests\NerdStore.Vendas.Application.Tests\NerdStore.Vendas.Application.Tests.csproj", "{1DF86C7A-058E-44F6-8515-AE9216752B85}"
EndProject
Project("{9A19103F-16F7-4668-BE54-9A1E7A4F7556}") = "NerdStore.Vendas.Domain.Tests", "02 - TDD\tests\NerdStore.Vendas.Domain.Tests\NerdStore.Vendas.Domain.Tests.csproj", "{A796DD1A-CAC1-419A-87F1-B4D703EBF50C}"
EndProject
Project("{9A19103F-16F7-4668-BE54-9A1E7A4F7556}") = "NerdStore.Catalogo.Application", "03 - Testes de Integracao\src\NerdStore.Catalogo.Application\NerdStore.Catalogo.Application.csproj", "{41DB13CB-7E8B-421B-AAA6-669BB60516D3}"
EndProject
Project("{9A19103F-16F7-4668-BE54-9A1E7A4F7556}") = "NerdStore.Catalogo.Data", "03 - Testes de Integracao\src\NerdStore.Catalogo.Data\NerdStore.Catalogo.Data.csproj", "{A4CC7755-BB92-4E4C-A980-684C422A71C2}"
EndProject
Project("{9A19103F-16F7-4668-BE54-9A1E7A4F7556}") = "NerdStore.Catalogo.Domain", "03 - Testes de Integracao\src\NerdStore.Catalogo.Domain\NerdStore.Catalogo.Domain.csproj", "{7DA08760-5942-44ED-87DD-F5A189919FCB}"
EndProject
Project("{9A19103F-16F7-4668-BE54-9A1E7A4F7556}") = "NerdStore.WebApp.Tests", "03 - Testes de Integracao\tests\NerdStore.WebApp.Tests\NerdStore.WebApp.Tests.csproj", "{8C9AD0E0-A48F-4C7F-BA16-8FE52DF819C5}"
EndProject
Project("{9A19103F-16F7-4668-BE54-9A1E7A4F7556}") = "NerdStore.WebApp.MVC", "03 - Testes de Integracao\src\NerdStore.WebApp.MVC\NerdStore.WebApp.MVC.csproj", "{581A66F3-ED9A-44D9-A7C1-E2A454DCC0EC}"
EndProject
Project("{FAE04EC0-301F-11D3-BF4B-00C04F79EFBC}") = "NerdStore.BDD.Tests", "04 - BDD\tests\NerdStore.BDD.Tests\NerdStore.BDD.Tests.csproj", "{0C6F4E9B-86FA-4D34-94B6-6232A7D94086}"
EndProject
Global
	GlobalSection(SolutionConfigurationPlatforms) = preSolution
		Debug|Any CPU = Debug|Any CPU
		Release|Any CPU = Release|Any CPU
	EndGlobalSection
	GlobalSection(ProjectConfigurationPlatforms) = postSolution
		{983D2B84-01A4-47C6-AECD-E2675E57911C}.Debug|Any CPU.ActiveCfg = Debug|Any CPU
		{983D2B84-01A4-47C6-AECD-E2675E57911C}.Debug|Any CPU.Build.0 = Debug|Any CPU
		{983D2B84-01A4-47C6-AECD-E2675E57911C}.Release|Any CPU.ActiveCfg = Release|Any CPU
		{983D2B84-01A4-47C6-AECD-E2675E57911C}.Release|Any CPU.Build.0 = Release|Any CPU
		{9DD43502-65E3-4537-87A6-98061EDCCD4B}.Debug|Any CPU.ActiveCfg = Debug|Any CPU
		{9DD43502-65E3-4537-87A6-98061EDCCD4B}.Debug|Any CPU.Build.0 = Debug|Any CPU
		{9DD43502-65E3-4537-87A6-98061EDCCD4B}.Release|Any CPU.ActiveCfg = Release|Any CPU
		{9DD43502-65E3-4537-87A6-98061EDCCD4B}.Release|Any CPU.Build.0 = Release|Any CPU
		{41A0211C-2CEF-45F1-8765-6AF5AD2AC0CE}.Debug|Any CPU.ActiveCfg = Debug|Any CPU
		{41A0211C-2CEF-45F1-8765-6AF5AD2AC0CE}.Debug|Any CPU.Build.0 = Debug|Any CPU
		{41A0211C-2CEF-45F1-8765-6AF5AD2AC0CE}.Release|Any CPU.ActiveCfg = Release|Any CPU
		{41A0211C-2CEF-45F1-8765-6AF5AD2AC0CE}.Release|Any CPU.Build.0 = Release|Any CPU
		{D78B3344-39B3-460A-A27E-BAA7D581667F}.Debug|Any CPU.ActiveCfg = Debug|Any CPU
		{D78B3344-39B3-460A-A27E-BAA7D581667F}.Debug|Any CPU.Build.0 = Debug|Any CPU
		{D78B3344-39B3-460A-A27E-BAA7D581667F}.Release|Any CPU.ActiveCfg = Release|Any CPU
		{D78B3344-39B3-460A-A27E-BAA7D581667F}.Release|Any CPU.Build.0 = Release|Any CPU
		{5687175D-53C7-435E-B0F4-9AF385AA7FE7}.Debug|Any CPU.ActiveCfg = Debug|Any CPU
		{5687175D-53C7-435E-B0F4-9AF385AA7FE7}.Debug|Any CPU.Build.0 = Debug|Any CPU
		{5687175D-53C7-435E-B0F4-9AF385AA7FE7}.Release|Any CPU.ActiveCfg = Release|Any CPU
		{5687175D-53C7-435E-B0F4-9AF385AA7FE7}.Release|Any CPU.Build.0 = Release|Any CPU
		{0A1F5C1E-8D04-433E-8ED7-4A3976785D2B}.Debug|Any CPU.ActiveCfg = Debug|Any CPU
		{0A1F5C1E-8D04-433E-8ED7-4A3976785D2B}.Debug|Any CPU.Build.0 = Debug|Any CPU
		{0A1F5C1E-8D04-433E-8ED7-4A3976785D2B}.Release|Any CPU.ActiveCfg = Release|Any CPU
		{0A1F5C1E-8D04-433E-8ED7-4A3976785D2B}.Release|Any CPU.Build.0 = Release|Any CPU
		{C3288CA9-69D8-411E-A8F3-77DB713896BA}.Debug|Any CPU.ActiveCfg = Debug|Any CPU
		{C3288CA9-69D8-411E-A8F3-77DB713896BA}.Debug|Any CPU.Build.0 = Debug|Any CPU
		{C3288CA9-69D8-411E-A8F3-77DB713896BA}.Release|Any CPU.ActiveCfg = Release|Any CPU
		{C3288CA9-69D8-411E-A8F3-77DB713896BA}.Release|Any CPU.Build.0 = Release|Any CPU
		{DF4E32ED-DCB8-4F5A-A7C6-ED07342EAE5A}.Debug|Any CPU.ActiveCfg = Debug|Any CPU
		{DF4E32ED-DCB8-4F5A-A7C6-ED07342EAE5A}.Debug|Any CPU.Build.0 = Debug|Any CPU
		{DF4E32ED-DCB8-4F5A-A7C6-ED07342EAE5A}.Release|Any CPU.ActiveCfg = Release|Any CPU
		{DF4E32ED-DCB8-4F5A-A7C6-ED07342EAE5A}.Release|Any CPU.Build.0 = Release|Any CPU
		{1DF86C7A-058E-44F6-8515-AE9216752B85}.Debug|Any CPU.ActiveCfg = Debug|Any CPU
		{1DF86C7A-058E-44F6-8515-AE9216752B85}.Debug|Any CPU.Build.0 = Debug|Any CPU
		{1DF86C7A-058E-44F6-8515-AE9216752B85}.Release|Any CPU.ActiveCfg = Release|Any CPU
		{1DF86C7A-058E-44F6-8515-AE9216752B85}.Release|Any CPU.Build.0 = Release|Any CPU
		{A796DD1A-CAC1-419A-87F1-B4D703EBF50C}.Debug|Any CPU.ActiveCfg = Debug|Any CPU
		{A796DD1A-CAC1-419A-87F1-B4D703EBF50C}.Debug|Any CPU.Build.0 = Debug|Any CPU
		{A796DD1A-CAC1-419A-87F1-B4D703EBF50C}.Release|Any CPU.ActiveCfg = Release|Any CPU
		{A796DD1A-CAC1-419A-87F1-B4D703EBF50C}.Release|Any CPU.Build.0 = Release|Any CPU
		{41DB13CB-7E8B-421B-AAA6-669BB60516D3}.Debug|Any CPU.ActiveCfg = Debug|Any CPU
		{41DB13CB-7E8B-421B-AAA6-669BB60516D3}.Debug|Any CPU.Build.0 = Debug|Any CPU
		{41DB13CB-7E8B-421B-AAA6-669BB60516D3}.Release|Any CPU.ActiveCfg = Release|Any CPU
		{41DB13CB-7E8B-421B-AAA6-669BB60516D3}.Release|Any CPU.Build.0 = Release|Any CPU
		{A4CC7755-BB92-4E4C-A980-684C422A71C2}.Debug|Any CPU.ActiveCfg = Debug|Any CPU
		{A4CC7755-BB92-4E4C-A980-684C422A71C2}.Debug|Any CPU.Build.0 = Debug|Any CPU
		{A4CC7755-BB92-4E4C-A980-684C422A71C2}.Release|Any CPU.ActiveCfg = Release|Any CPU
		{A4CC7755-BB92-4E4C-A980-684C422A71C2}.Release|Any CPU.Build.0 = Release|Any CPU
		{7DA08760-5942-44ED-87DD-F5A189919FCB}.Debug|Any CPU.ActiveCfg = Debug|Any CPU
		{7DA08760-5942-44ED-87DD-F5A189919FCB}.Debug|Any CPU.Build.0 = Debug|Any CPU
		{7DA08760-5942-44ED-87DD-F5A189919FCB}.Release|Any CPU.ActiveCfg = Release|Any CPU
		{7DA08760-5942-44ED-87DD-F5A189919FCB}.Release|Any CPU.Build.0 = Release|Any CPU
		{8C9AD0E0-A48F-4C7F-BA16-8FE52DF819C5}.Debug|Any CPU.ActiveCfg = Debug|Any CPU
		{8C9AD0E0-A48F-4C7F-BA16-8FE52DF819C5}.Debug|Any CPU.Build.0 = Debug|Any CPU
		{8C9AD0E0-A48F-4C7F-BA16-8FE52DF819C5}.Release|Any CPU.ActiveCfg = Release|Any CPU
		{8C9AD0E0-A48F-4C7F-BA16-8FE52DF819C5}.Release|Any CPU.Build.0 = Release|Any CPU
		{581A66F3-ED9A-44D9-A7C1-E2A454DCC0EC}.Debug|Any CPU.ActiveCfg = Debug|Any CPU
		{581A66F3-ED9A-44D9-A7C1-E2A454DCC0EC}.Debug|Any CPU.Build.0 = Debug|Any CPU
		{581A66F3-ED9A-44D9-A7C1-E2A454DCC0EC}.Release|Any CPU.ActiveCfg = Release|Any CPU
		{581A66F3-ED9A-44D9-A7C1-E2A454DCC0EC}.Release|Any CPU.Build.0 = Release|Any CPU
		{0C6F4E9B-86FA-4D34-94B6-6232A7D94086}.Debug|Any CPU.ActiveCfg = Debug|Any CPU
		{0C6F4E9B-86FA-4D34-94B6-6232A7D94086}.Debug|Any CPU.Build.0 = Debug|Any CPU
		{0C6F4E9B-86FA-4D34-94B6-6232A7D94086}.Release|Any CPU.ActiveCfg = Release|Any CPU
		{0C6F4E9B-86FA-4D34-94B6-6232A7D94086}.Release|Any CPU.Build.0 = Release|Any CPU
	EndGlobalSection
	GlobalSection(SolutionProperties) = preSolution
		HideSolutionNode = FALSE
	EndGlobalSection
	GlobalSection(NestedProjects) = preSolution
		{1252F2EE-21D5-4313-9DE2-E9AEC5CFA966} = {897E3B57-21D1-490D-AEDB-7C8703D6B099}
		{5DF5ED2B-AE22-4265-AA23-69DF5048F203} = {897E3B57-21D1-490D-AEDB-7C8703D6B099}
		{5581039A-128F-4515-A3B7-09971DF5FF66} = {DE0173EB-2946-4E8C-AA9A-2847136B71AA}
		{C7610E30-430B-4A4F-82C3-F1204AB0EB5E} = {B30BB20C-1E85-4044-B9D6-E5C77324E74B}
		{983D2B84-01A4-47C6-AECD-E2675E57911C} = {5DF5ED2B-AE22-4265-AA23-69DF5048F203}
		{9DD43502-65E3-4537-87A6-98061EDCCD4B} = {5DF5ED2B-AE22-4265-AA23-69DF5048F203}
		{41A0211C-2CEF-45F1-8765-6AF5AD2AC0CE} = {1252F2EE-21D5-4313-9DE2-E9AEC5CFA966}
		{D78B3344-39B3-460A-A27E-BAA7D581667F} = {1252F2EE-21D5-4313-9DE2-E9AEC5CFA966}
		{5687175D-53C7-435E-B0F4-9AF385AA7FE7} = {DE0173EB-2946-4E8C-AA9A-2847136B71AA}
		{0A1F5C1E-8D04-433E-8ED7-4A3976785D2B} = {DE0173EB-2946-4E8C-AA9A-2847136B71AA}
		{C3288CA9-69D8-411E-A8F3-77DB713896BA} = {DE0173EB-2946-4E8C-AA9A-2847136B71AA}
		{DF4E32ED-DCB8-4F5A-A7C6-ED07342EAE5A} = {DE0173EB-2946-4E8C-AA9A-2847136B71AA}
		{1DF86C7A-058E-44F6-8515-AE9216752B85} = {5581039A-128F-4515-A3B7-09971DF5FF66}
		{A796DD1A-CAC1-419A-87F1-B4D703EBF50C} = {5581039A-128F-4515-A3B7-09971DF5FF66}
		{41DB13CB-7E8B-421B-AAA6-669BB60516D3} = {B30BB20C-1E85-4044-B9D6-E5C77324E74B}
		{A4CC7755-BB92-4E4C-A980-684C422A71C2} = {B30BB20C-1E85-4044-B9D6-E5C77324E74B}
		{7DA08760-5942-44ED-87DD-F5A189919FCB} = {B30BB20C-1E85-4044-B9D6-E5C77324E74B}
		{8C9AD0E0-A48F-4C7F-BA16-8FE52DF819C5} = {C7610E30-430B-4A4F-82C3-F1204AB0EB5E}
		{581A66F3-ED9A-44D9-A7C1-E2A454DCC0EC} = {B30BB20C-1E85-4044-B9D6-E5C77324E74B}
		{0C6F4E9B-86FA-4D34-94B6-6232A7D94086} = {559C3BD7-5F4B-45D0-884E-CF84EB73425A}
	EndGlobalSection
	GlobalSection(ExtensibilityGlobals) = postSolution
		SolutionGuid = {34C21BF9-08A9-4EE0-B5A3-47F366FD9456}
	EndGlobalSection
EndGlobal
